
Microsoft Visual Studio Solution File, Format Version 12.00
# Visual Studio Version 17
VisualStudioVersion = 17.0.31912.275
MinimumVisualStudioVersion = 10.0.40219.1
Project("{9A19103F-16F7-4668-BE54-9A1E7A4F7556}") = "Nebula", "Nebula\Nebula.csproj", "{758A8408-17B1-4C4D-9E8D-66AF58167396}"
EndProject
Project("{2150E333-8FDC-42A3-9474-1A3956D46DE8}") = "Solution Items", "Solution Items", "{F9030B3B-FDD3-434A-B169-B026515BED9F}"
	ProjectSection(SolutionItems) = preProject
		README = README
	EndProjectSection
EndProject
Project("{FAE04EC0-301F-11D3-BF4B-00C04F79EFBC}") = "UserLibrary", "UserLibrary\UserLibrary.csproj", "{75368967-1DB2-4CDA-BF2D-A1C2F8C86EFA}"
EndProject
Global
	GlobalSection(SolutionConfigurationPlatforms) = preSolution
		Debug|Any CPU = Debug|Any CPU
		Release|Any CPU = Release|Any CPU
	EndGlobalSection
	GlobalSection(ProjectConfigurationPlatforms) = postSolution
		{758A8408-17B1-4C4D-9E8D-66AF58167396}.Debug|Any CPU.ActiveCfg = Debug|Any CPU
		{758A8408-17B1-4C4D-9E8D-66AF58167396}.Debug|Any CPU.Build.0 = Debug|Any CPU
		{758A8408-17B1-4C4D-9E8D-66AF58167396}.Release|Any CPU.ActiveCfg = Release|Any CPU
		{758A8408-17B1-4C4D-9E8D-66AF58167396}.Release|Any CPU.Build.0 = Release|Any CPU
		{75368967-1DB2-4CDA-BF2D-A1C2F8C86EFA}.Debug|Any CPU.ActiveCfg = Debug|Any CPU
		{75368967-1DB2-4CDA-BF2D-A1C2F8C86EFA}.Debug|Any CPU.Build.0 = Debug|Any CPU
		{75368967-1DB2-4CDA-BF2D-A1C2F8C86EFA}.Release|Any CPU.ActiveCfg = Release|Any CPU
		{75368967-1DB2-4CDA-BF2D-A1C2F8C86EFA}.Release|Any CPU.Build.0 = Release|Any CPU
	EndGlobalSection
	GlobalSection(SolutionProperties) = preSolution
		HideSolutionNode = FALSE
	EndGlobalSection
	GlobalSection(ExtensibilityGlobals) = postSolution
		SolutionGuid = {82EBBC03-311B-4D56-AEE7-50E7FEE4FB00}
	EndGlobalSection
EndGlobal
